{
  "name": "@calp-pro/dex-db",
  "version": "1.0.4",
  "lockfileVersion": 3,
  "requires": true,
  "packages": {
    "": {
      "name": "@calp-pro/dex-db",
      "version": "1.0.4",
      "license": "MIT",
      "devDependencies": {
        "pancakeswap-dump": "^1.0.8",
        "sushiswap-dump": "^1.0.3"
      }
    },
    "node_modules/pancakeswap-dump": {
      "version": "1.0.8",
      "resolved": "https://registry.npmjs.org/pancakeswap-dump/-/pancakeswap-dump-1.0.8.tgz",
      "integrity": "sha512-83RPOtX6M5DmUSguBUggWD6CcUphDzwVVcq48k/xUIywYS+8UDpU/qcg268Wvo29RV8GB2dCDiIosnCBcsxlyg==",
      "dev": true,
      "license": "MIT",
      "dependencies": {
        "uniswap-v2-loader": "^5.0.20"
      }
    },
    "node_modules/pancakeswap-dump/node_modules/uniswap-v2-loader": {
      "version": "5.0.27",
      "resolved": "https://registry.npmjs.org/uniswap-v2-loader/-/uniswap-v2-loader-5.0.27.tgz",
      "integrity": "sha512-0PL/4ZyRmZpGSK1MXeYtmhBiyF5GIWu91RrOHFz5e9aoPms79YJspDXtx877D0BFcG0P1FWuBVSkMASLr1ghTw==",
      "dev": true,
      "license": "MIT",
      "bin": {
        "uniswap-v2-loader": "src/uniswap-v2-loader"
      }
    },
    "node_modules/sushiswap-dump": {
      "version": "1.0.3",
      "resolved": "https://registry.npmjs.org/sushiswap-dump/-/sushiswap-dump-1.0.3.tgz",
      "integrity": "sha512-pCd1uxq2DqAKcrGD0C3I2MnJYcNPwqOppyanWnxJGlhIAp4OJNymUKBiCtOCkRqwgzhanuxngKwVVTtLICbH+w==",
      "dev": true,
      "license": "MIT",
      "dependencies": {
        "uniswap-v2-loader": "^5.0.20"
      }
    },
    "node_modules/sushiswap-dump/node_modules/uniswap-v2-loader": {
      "version": "5.0.27",
      "resolved": "https://registry.npmjs.org/uniswap-v2-loader/-/uniswap-v2-loader-5.0.27.tgz",
      "integrity": "sha512-0PL/4ZyRmZpGSK1MXeYtmhBiyF5GIWu91RrOHFz5e9aoPms79YJspDXtx877D0BFcG0P1FWuBVSkMASLr1ghTw==",
      "dev": true,
      "license": "MIT",
      "bin": {
        "uniswap-v2-loader": "src/uniswap-v2-loader"
      }
    }
  }
}
