{
  "name": "@calp-pro/dex-db",
  "version": "2.1.1",
  "lockfileVersion": 3,
  "requires": true,
  "packages": {
    "": {
      "name": "@calp-pro/dex-db",
      "version": "2.1.1",
      "license": "MIT",
      "devDependencies": {
        "pancakeswap-dump": "^1.0.8",
        "sushiswap-dump": "^1.0.3",
        "uniswap-v2-dump": "^3.0.13"
      }
    },
    "node_modules/pancakeswap-dump": {
      "version": "1.0.9",
      "resolved": "https://registry.npmjs.org/pancakeswap-dump/-/pancakeswap-dump-1.0.9.tgz",
      "integrity": "sha512-gvyBhn0BrtqIgZfoyrhezPEo8eY6X75g4Ae3iz06AJSeSKt1uVWcI/IKsDxCzuZDspSoxdHVaubVDAkNLssfwA==",
      "dev": true,
      "license": "MIT",
      "dependencies": {
        "uniswap-v2-loader": "^5.0.20"
      }
    },
    "node_modules/sushiswap-dump": {
      "version": "1.0.3",
      "resolved": "https://registry.npmjs.org/sushiswap-dump/-/sushiswap-dump-1.0.3.tgz",
      "integrity": "sha512-pCd1uxq2DqAKcrGD0C3I2MnJYcNPwqOppyanWnxJGlhIAp4OJNymUKBiCtOCkRqwgzhanuxngKwVVTtLICbH+w==",
      "dev": true,
      "license": "MIT",
      "dependencies": {
        "uniswap-v2-loader": "^5.0.20"
      }
    },
    "node_modules/uniswap-v2-dump": {
      "version": "3.0.13",
      "resolved": "https://registry.npmjs.org/uniswap-v2-dump/-/uniswap-v2-dump-3.0.13.tgz",
      "integrity": "sha512-4YEjSLbGh5OeJuuxN5upEJfufL4dFuXc36SFvEENF9Ci8eEAD6Huv/uWchfm/Cq2O4so4XO1RUCJ8pWNTPjyMQ==",
      "dev": true,
      "license": "MIT",
      "dependencies": {
        "uniswap-v2-loader": "^6.1.1"
      }
    },
    "node_modules/uniswap-v2-dump/node_modules/uniswap-v2-loader": {
      "version": "6.1.1",
      "resolved": "https://registry.npmjs.org/uniswap-v2-loader/-/uniswap-v2-loader-6.1.1.tgz",
      "integrity": "sha512-BEOwp3eqjhdjJlQBBecGvIIsZRP8nnFtAj2XXf/zfKfERgKoIJ+jEgRbs+0VEVMjpQmRHjo7OHSqsR2zMZ883g==",
      "dev": true,
      "license": "MIT",
      "bin": {
        "uniswap-v2-loader": "src/uniswap-v2-loader"
      }
    },
    "node_modules/uniswap-v2-loader": {
      "version": "5.0.27",
      "resolved": "https://registry.npmjs.org/uniswap-v2-loader/-/uniswap-v2-loader-5.0.27.tgz",
      "integrity": "sha512-0PL/4ZyRmZpGSK1MXeYtmhBiyF5GIWu91RrOHFz5e9aoPms79YJspDXtx877D0BFcG0P1FWuBVSkMASLr1ghTw==",
      "dev": true,
      "license": "MIT",
      "bin": {
        "uniswap-v2-loader": "src/uniswap-v2-loader"
      }
    }
  }
}
